// !$*UTF8*$!
{
	archiveVersion = 1;
	classes = {
	};
	objectVersion = 48;
	objects = {

/* Begin PBXBuildFile section */
		5509ED9A2020DB8800417FC2 /* icons8-dev-post-filled-50.png in Resources */ = {isa = PBXBuildFile; fileRef = 5509ED892020DB8400417FC2 /* icons8-dev-post-filled-50.png */; };
		5509ED9B2020DB8800417FC2 /* icons8-dev-post-filled-144.png in Resources */ = {isa = PBXBuildFile; fileRef = 5509ED8A2020DB8400417FC2 /* icons8-dev-post-filled-144.png */; };
		5509ED9C2020DB8800417FC2 /* icons8-dev-post-filled-57.png in Resources */ = {isa = PBXBuildFile; fileRef = 5509ED8B2020DB8400417FC2 /* icons8-dev-post-filled-57.png */; };
		5509ED9D2020DB8800417FC2 /* icons8-dev-post-filled-180.png in Resources */ = {isa = PBXBuildFile; fileRef = 5509ED8C2020DB8400417FC2 /* icons8-dev-post-filled-180.png */; };
		5509ED9E2020DB8800417FC2 /* icons8-dev-post-filled-60.png in Resources */ = {isa = PBXBuildFile; fileRef = 5509ED8D2020DB8400417FC2 /* icons8-dev-post-filled-60.png */; };
		5509ED9F2020DB8800417FC2 /* icons8-dev-post-filled-40.png in Resources */ = {isa = PBXBuildFile; fileRef = 5509ED8E2020DB8500417FC2 /* icons8-dev-post-filled-40.png */; };
		5509EDA02020DB8800417FC2 /* icons8-dev-post-filled-152.png in Resources */ = {isa = PBXBuildFile; fileRef = 5509ED8F2020DB8500417FC2 /* icons8-dev-post-filled-152.png */; };
		5509EDA12020DB8800417FC2 /* icons8-dev-post-filled-76.png in Resources */ = {isa = PBXBuildFile; fileRef = 5509ED902020DB8500417FC2 /* icons8-dev-post-filled-76.png */; };
		5509EDA22020DB8800417FC2 /* icons8-dev-post-filled-87.png in Resources */ = {isa = PBXBuildFile; fileRef = 5509ED912020DB8600417FC2 /* icons8-dev-post-filled-87.png */; };
		5509EDA32020DB8800417FC2 /* icons8-dev-post-filled-58.png in Resources */ = {isa = PBXBuildFile; fileRef = 5509ED922020DB8600417FC2 /* icons8-dev-post-filled-58.png */; };
		5509EDA42020DB8800417FC2 /* icons8-dev-post-filled-80.png in Resources */ = {isa = PBXBuildFile; fileRef = 5509ED932020DB8600417FC2 /* icons8-dev-post-filled-80.png */; };
		5509EDA52020DB8800417FC2 /* icons8-dev-post-filled-114.png in Resources */ = {isa = PBXBuildFile; fileRef = 5509ED942020DB8600417FC2 /* icons8-dev-post-filled-114.png */; };
		5509EDA62020DB8800417FC2 /* icons8-dev-post-filled-120.png in Resources */ = {isa = PBXBuildFile; fileRef = 5509ED952020DB8700417FC2 /* icons8-dev-post-filled-120.png */; };
		5509EDA72020DB8800417FC2 /* icons8-dev-post-filled-29.png in Resources */ = {isa = PBXBuildFile; fileRef = 5509ED962020DB8700417FC2 /* icons8-dev-post-filled-29.png */; };
		5509EDA82020DB8800417FC2 /* icons8-dev-post-filled-72.png in Resources */ = {isa = PBXBuildFile; fileRef = 5509ED972020DB8700417FC2 /* icons8-dev-post-filled-72.png */; };
		5509EDA92020DB8800417FC2 /* icons8-dev-post-filled-1024.png in Resources */ = {isa = PBXBuildFile; fileRef = 5509ED982020DB8700417FC2 /* icons8-dev-post-filled-1024.png */; };
		5509EDAA2020DB8800417FC2 /* icons8-dev-post-filled-100.png in Resources */ = {isa = PBXBuildFile; fileRef = 5509ED992020DB8800417FC2 /* icons8-dev-post-filled-100.png */; };
		55182A791FA7A80200DD8B37 /* AppDelegate.swift in Sources */ = {isa = PBXBuildFile; fileRef = 55182A781FA7A80200DD8B37 /* AppDelegate.swift */; };
		55182A7B1FA7A80200DD8B37 /* ViewController.swift in Sources */ = {isa = PBXBuildFile; fileRef = 55182A7A1FA7A80200DD8B37 /* ViewController.swift */; };
		55182A801FA7A80200DD8B37 /* Assets.xcassets in Resources */ = {isa = PBXBuildFile; fileRef = 55182A7F1FA7A80200DD8B37 /* Assets.xcassets */; };
		55182A831FA7A80200DD8B37 /* LaunchScreen.storyboard in Resources */ = {isa = PBXBuildFile; fileRef = 55182A811FA7A80200DD8B37 /* LaunchScreen.storyboard */; };
		5588DAB12034B2D800D39738 /* Post.swift in Sources */ = {isa = PBXBuildFile; fileRef = 5588DAB02034B2D800D39738 /* Post.swift */; };
		559EF40D1FC6F1E200B510F4 /* Main.storyboard in Resources */ = {isa = PBXBuildFile; fileRef = 559EF40C1FC6F1E200B510F4 /* Main.storyboard */; };
		55B5C6691FB46A2B00432710 /* ViewCustomInfoInCell.swift in Sources */ = {isa = PBXBuildFile; fileRef = 55B5C6681FB46A2B00432710 /* ViewCustomInfoInCell.swift */; };
		55EF247F1FC6FE970089D26E /* ViewTwo.swift in Sources */ = {isa = PBXBuildFile; fileRef = 55EF247E1FC6FE970089D26E /* ViewTwo.swift */; };
/* End PBXBuildFile section */

/* Begin PBXFileReference section */
		5509ED892020DB8400417FC2 /* icons8-dev-post-filled-50.png */ = {isa = PBXFileReference; lastKnownFileType = image.png; path = "icons8-dev-post-filled-50.png"; sourceTree = "<group>"; };
		5509ED8A2020DB8400417FC2 /* icons8-dev-post-filled-144.png */ = {isa = PBXFileReference; lastKnownFileType = image.png; path = "icons8-dev-post-filled-144.png"; sourceTree = "<group>"; };
		5509ED8B2020DB8400417FC2 /* icons8-dev-post-filled-57.png */ = {isa = PBXFileReference; lastKnownFileType = image.png; path = "icons8-dev-post-filled-57.png"; sourceTree = "<group>"; };
		5509ED8C2020DB8400417FC2 /* icons8-dev-post-filled-180.png */ = {isa = PBXFileReference; lastKnownFileType = image.png; path = "icons8-dev-post-filled-180.png"; sourceTree = "<group>"; };
		5509ED8D2020DB8400417FC2 /* icons8-dev-post-filled-60.png */ = {isa = PBXFileReference; lastKnownFileType = image.png; path = "icons8-dev-post-filled-60.png"; sourceTree = "<group>"; };
		5509ED8E2020DB8500417FC2 /* icons8-dev-post-filled-40.png */ = {isa = PBXFileReference; lastKnownFileType = image.png; path = "icons8-dev-post-filled-40.png"; sourceTree = "<group>"; };
		5509ED8F2020DB8500417FC2 /* icons8-dev-post-filled-152.png */ = {isa = PBXFileReference; lastKnownFileType = image.png; path = "icons8-dev-post-filled-152.png"; sourceTree = "<group>"; };
		5509ED902020DB8500417FC2 /* icons8-dev-post-filled-76.png */ = {isa = PBXFileReference; lastKnownFileType = image.png; path = "icons8-dev-post-filled-76.png"; sourceTree = "<group>"; };
		5509ED912020DB8600417FC2 /* icons8-dev-post-filled-87.png */ = {isa = PBXFileReference; lastKnownFileType = image.png; path = "icons8-dev-post-filled-87.png"; sourceTree = "<group>"; };
		5509ED922020DB8600417FC2 /* icons8-dev-post-filled-58.png */ = {isa = PBXFileReference; lastKnownFileType = image.png; path = "icons8-dev-post-filled-58.png"; sourceTree = "<group>"; };
		5509ED932020DB8600417FC2 /* icons8-dev-post-filled-80.png */ = {isa = PBXFileReference; lastKnownFileType = image.png; path = "icons8-dev-post-filled-80.png"; sourceTree = "<group>"; };
		5509ED942020DB8600417FC2 /* icons8-dev-post-filled-114.png */ = {isa = PBXFileReference; lastKnownFileType = image.png; path = "icons8-dev-post-filled-114.png"; sourceTree = "<group>"; };
		5509ED952020DB8700417FC2 /* icons8-dev-post-filled-120.png */ = {isa = PBXFileReference; lastKnownFileType = image.png; path = "icons8-dev-post-filled-120.png"; sourceTree = "<group>"; };
		5509ED962020DB8700417FC2 /* icons8-dev-post-filled-29.png */ = {isa = PBXFileReference; lastKnownFileType = image.png; path = "icons8-dev-post-filled-29.png"; sourceTree = "<group>"; };
		5509ED972020DB8700417FC2 /* icons8-dev-post-filled-72.png */ = {isa = PBXFileReference; lastKnownFileType = image.png; path = "icons8-dev-post-filled-72.png"; sourceTree = "<group>"; };
		5509ED982020DB8700417FC2 /* icons8-dev-post-filled-1024.png */ = {isa = PBXFileReference; lastKnownFileType = image.png; path = "icons8-dev-post-filled-1024.png"; sourceTree = "<group>"; };
		5509ED992020DB8800417FC2 /* icons8-dev-post-filled-100.png */ = {isa = PBXFileReference; lastKnownFileType = image.png; path = "icons8-dev-post-filled-100.png"; sourceTree = "<group>"; };
		55182A751FA7A80100DD8B37 /* Decoder Inc.app */ = {isa = PBXFileReference; explicitFileType = wrapper.application; includeInIndex = 0; path = "Decoder Inc.app"; sourceTree = BUILT_PRODUCTS_DIR; };
		55182A781FA7A80200DD8B37 /* AppDelegate.swift */ = {isa = PBXFileReference; lastKnownFileType = sourcecode.swift; path = AppDelegate.swift; sourceTree = "<group>"; };
		55182A7A1FA7A80200DD8B37 /* ViewController.swift */ = {isa = PBXFileReference; lastKnownFileType = sourcecode.swift; path = ViewController.swift; sourceTree = "<group>"; };
		55182A7F1FA7A80200DD8B37 /* Assets.xcassets */ = {isa = PBXFileReference; lastKnownFileType = folder.assetcatalog; path = Assets.xcassets; sourceTree = "<group>"; };
		55182A821FA7A80200DD8B37 /* Base */ = {isa = PBXFileReference; lastKnownFileType = file.storyboard; name = Base; path = Base.lproj/LaunchScreen.storyboard; sourceTree = "<group>"; };
		55182A841FA7A80200DD8B37 /* Info.plist */ = {isa = PBXFileReference; lastKnownFileType = text.plist.xml; path = Info.plist; sourceTree = "<group>"; };
		5588DAB02034B2D800D39738 /* Post.swift */ = {isa = PBXFileReference; lastKnownFileType = sourcecode.swift; path = Post.swift; sourceTree = "<group>"; };
		559EF40C1FC6F1E200B510F4 /* Main.storyboard */ = {isa = PBXFileReference; fileEncoding = 4; lastKnownFileType = file.storyboard; path = Main.storyboard; sourceTree = "<group>"; };
		55B5C6681FB46A2B00432710 /* ViewCustomInfoInCell.swift */ = {isa = PBXFileReference; lastKnownFileType = sourcecode.swift; path = ViewCustomInfoInCell.swift; sourceTree = "<group>"; };
		55EF247E1FC6FE970089D26E /* ViewTwo.swift */ = {isa = PBXFileReference; lastKnownFileType = sourcecode.swift; path = ViewTwo.swift; sourceTree = "<group>"; };
/* End PBXFileReference section */

/* Begin PBXFrameworksBuildPhase section */
		55182A721FA7A80100DD8B37 /* Frameworks */ = {
			isa = PBXFrameworksBuildPhase;
			buildActionMask = 2147483647;
			files = (
			);
			runOnlyForDeploymentPostprocessing = 0;
		};
/* End PBXFrameworksBuildPhase section */

/* Begin PBXGroup section */
		5509ED882020DB5E00417FC2 /* Icons */ = {
			isa = PBXGroup;
			children = (
				5509ED962020DB8700417FC2 /* icons8-dev-post-filled-29.png */,
				5509ED8E2020DB8500417FC2 /* icons8-dev-post-filled-40.png */,
				5509ED892020DB8400417FC2 /* icons8-dev-post-filled-50.png */,
				5509ED8B2020DB8400417FC2 /* icons8-dev-post-filled-57.png */,
				5509ED922020DB8600417FC2 /* icons8-dev-post-filled-58.png */,
				5509ED8D2020DB8400417FC2 /* icons8-dev-post-filled-60.png */,
				5509ED972020DB8700417FC2 /* icons8-dev-post-filled-72.png */,
				5509ED902020DB8500417FC2 /* icons8-dev-post-filled-76.png */,
				5509ED932020DB8600417FC2 /* icons8-dev-post-filled-80.png */,
				5509ED912020DB8600417FC2 /* icons8-dev-post-filled-87.png */,
				5509ED992020DB8800417FC2 /* icons8-dev-post-filled-100.png */,
				5509ED942020DB8600417FC2 /* icons8-dev-post-filled-114.png */,
				5509ED952020DB8700417FC2 /* icons8-dev-post-filled-120.png */,
				5509ED8A2020DB8400417FC2 /* icons8-dev-post-filled-144.png */,
				5509ED8F2020DB8500417FC2 /* icons8-dev-post-filled-152.png */,
				5509ED8C2020DB8400417FC2 /* icons8-dev-post-filled-180.png */,
				5509ED982020DB8700417FC2 /* icons8-dev-post-filled-1024.png */,
			);
			path = Icons;
			sourceTree = "<group>";
		};
		55182A6C1FA7A80100DD8B37 = {
			isa = PBXGroup;
			children = (
				55182A771FA7A80100DD8B37 /* Decoder Inc */,
				55182A761FA7A80100DD8B37 /* Products */,
			);
			sourceTree = "<group>";
		};
		55182A761FA7A80100DD8B37 /* Products */ = {
			isa = PBXGroup;
			children = (
				55182A751FA7A80100DD8B37 /* Decoder Inc.app */,
			);
			name = Products;
			sourceTree = "<group>";
		};
		55182A771FA7A80100DD8B37 /* Decoder Inc */ = {
			isa = PBXGroup;
			children = (
				5588DAB32034B33000D39738 /* Resource */,
				5588DAB42034B36000D39738 /* UI */,
				55182A841FA7A80200DD8B37 /* Info.plist */,
			);
			path = "Decoder Inc";
			sourceTree = "<group>";
		};
		5588DAB32034B33000D39738 /* Resource */ = {
			isa = PBXGroup;
			children = (
				5509ED882020DB5E00417FC2 /* Icons */,
				55182A781FA7A80200DD8B37 /* AppDelegate.swift */,
				559EF40C1FC6F1E200B510F4 /* Main.storyboard */,
				55182A7F1FA7A80200DD8B37 /* Assets.xcassets */,
				55182A811FA7A80200DD8B37 /* LaunchScreen.storyboard */,
			);
			path = Resource;
			sourceTree = "<group>";
		};
		5588DAB42034B36000D39738 /* UI */ = {
			isa = PBXGroup;
			children = (
				55B5C6681FB46A2B00432710 /* ViewCustomInfoInCell.swift */,
				55182A7A1FA7A80200DD8B37 /* ViewController.swift */,
				55EF247E1FC6FE970089D26E /* ViewTwo.swift */,
				5588DAB02034B2D800D39738 /* Post.swift */,
			);
			path = UI;
			sourceTree = "<group>";
		};
/* End PBXGroup section */

/* Begin PBXNativeTarget section */
		55182A741FA7A80100DD8B37 /* Decoder Inc */ = {
			isa = PBXNativeTarget;
			buildConfigurationList = 55182A871FA7A80200DD8B37 /* Build configuration list for PBXNativeTarget "Decoder Inc" */;
			buildPhases = (
				55182A711FA7A80100DD8B37 /* Sources */,
				55182A721FA7A80100DD8B37 /* Frameworks */,
				55182A731FA7A80100DD8B37 /* Resources */,
			);
			buildRules = (
			);
			dependencies = (
			);
			name = "Decoder Inc";
			productName = "Decoder Inc";
			productReference = 55182A751FA7A80100DD8B37 /* Decoder Inc.app */;
			productType = "com.apple.product-type.application";
		};
/* End PBXNativeTarget section */

/* Begin PBXProject section */
		55182A6D1FA7A80100DD8B37 /* Project object */ = {
			isa = PBXProject;
			attributes = {
				LastSwiftUpdateCheck = 0900;
				LastUpgradeCheck = 0900;
				ORGANIZATIONNAME = " Alecsey";
				TargetAttributes = {
					55182A741FA7A80100DD8B37 = {
						CreatedOnToolsVersion = 9.0;
						ProvisioningStyle = Automatic;
					};
				};
			};
			buildConfigurationList = 55182A701FA7A80100DD8B37 /* Build configuration list for PBXProject "Decoder Inc" */;
			compatibilityVersion = "Xcode 8.0";
			developmentRegion = en;
			hasScannedForEncodings = 0;
			knownRegions = (
				en,
				Base,
			);
			mainGroup = 55182A6C1FA7A80100DD8B37;
			productRefGroup = 55182A761FA7A80100DD8B37 /* Products */;
			projectDirPath = "";
			projectRoot = "";
			targets = (
				55182A741FA7A80100DD8B37 /* Decoder Inc */,
			);
		};
/* End PBXProject section */

/* Begin PBXResourcesBuildPhase section */
		55182A731FA7A80100DD8B37 /* Resources */ = {
			isa = PBXResourcesBuildPhase;
			buildActionMask = 2147483647;
			files = (
				5509EDA22020DB8800417FC2 /* icons8-dev-post-filled-87.png in Resources */,
				5509EDA62020DB8800417FC2 /* icons8-dev-post-filled-120.png in Resources */,
				5509ED9F2020DB8800417FC2 /* icons8-dev-post-filled-40.png in Resources */,
				559EF40D1FC6F1E200B510F4 /* Main.storyboard in Resources */,
				5509EDA42020DB8800417FC2 /* icons8-dev-post-filled-80.png in Resources */,
				5509EDA92020DB8800417FC2 /* icons8-dev-post-filled-1024.png in Resources */,
				55182A831FA7A80200DD8B37 /* LaunchScreen.storyboard in Resources */,
				5509ED9B2020DB8800417FC2 /* icons8-dev-post-filled-144.png in Resources */,
				5509EDA12020DB8800417FC2 /* icons8-dev-post-filled-76.png in Resources */,
				5509ED9E2020DB8800417FC2 /* icons8-dev-post-filled-60.png in Resources */,
				5509EDA32020DB8800417FC2 /* icons8-dev-post-filled-58.png in Resources */,
				5509ED9A2020DB8800417FC2 /* icons8-dev-post-filled-50.png in Resources */,
				5509EDA72020DB8800417FC2 /* icons8-dev-post-filled-29.png in Resources */,
				55182A801FA7A80200DD8B37 /* Assets.xcassets in Resources */,
				5509ED9C2020DB8800417FC2 /* icons8-dev-post-filled-57.png in Resources */,
				5509EDA82020DB8800417FC2 /* icons8-dev-post-filled-72.png in Resources */,
				5509EDA02020DB8800417FC2 /* icons8-dev-post-filled-152.png in Resources */,
				5509EDA52020DB8800417FC2 /* icons8-dev-post-filled-114.png in Resources */,
				5509ED9D2020DB8800417FC2 /* icons8-dev-post-filled-180.png in Resources */,
				5509EDAA2020DB8800417FC2 /* icons8-dev-post-filled-100.png in Resources */,
			);
			runOnlyForDeploymentPostprocessing = 0;
		};
/* End PBXResourcesBuildPhase section */

/* Begin PBXSourcesBuildPhase section */
		55182A711FA7A80100DD8B37 /* Sources */ = {
			isa = PBXSourcesBuildPhase;
			buildActionMask = 2147483647;
			files = (
				55182A7B1FA7A80200DD8B37 /* ViewController.swift in Sources */,
				55EF247F1FC6FE970089D26E /* ViewTwo.swift in Sources */,
				55B5C6691FB46A2B00432710 /* ViewCustomInfoInCell.swift in Sources */,
				55182A791FA7A80200DD8B37 /* AppDelegate.swift in Sources */,
				5588DAB12034B2D800D39738 /* Post.swift in Sources */,
			);
			runOnlyForDeploymentPostprocessing = 0;
		};
/* End PBXSourcesBuildPhase section */

/* Begin PBXVariantGroup section */
		55182A811FA7A80200DD8B37 /* LaunchScreen.storyboard */ = {
			isa = PBXVariantGroup;
			children = (
				55182A821FA7A80200DD8B37 /* Base */,
			);
			name = LaunchScreen.storyboard;
			sourceTree = "<group>";
		};
/* End PBXVariantGroup section */

/* Begin XCBuildConfiguration section */
		55182A851FA7A80200DD8B37 /* Debug */ = {
			isa = XCBuildConfiguration;
			buildSettings = {
				ALWAYS_SEARCH_USER_PATHS = NO;
				CLANG_ANALYZER_NONNULL = YES;
				CLANG_ANALYZER_NUMBER_OBJECT_CONVERSION = YES_AGGRESSIVE;
				CLANG_CXX_LANGUAGE_STANDARD = "gnu++14";
				CLANG_CXX_LIBRARY = "libc++";
				CLANG_ENABLE_MODULES = YES;
				CLANG_ENABLE_OBJC_ARC = YES;
				CLANG_WARN_BLOCK_CAPTURE_AUTORELEASING = YES;
				CLANG_WARN_BOOL_CONVERSION = YES;
				CLANG_WARN_COMMA = YES;
				CLANG_WARN_CONSTANT_CONVERSION = YES;
				CLANG_WARN_DIRECT_OBJC_ISA_USAGE = YES_ERROR;
				CLANG_WARN_DOCUMENTATION_COMMENTS = YES;
				CLANG_WARN_EMPTY_BODY = YES;
				CLANG_WARN_ENUM_CONVERSION = YES;
				CLANG_WARN_INFINITE_RECURSION = YES;
				CLANG_WARN_INT_CONVERSION = YES;
				CLANG_WARN_NON_LITERAL_NULL_CONVERSION = YES;
				CLANG_WARN_OBJC_LITERAL_CONVERSION = YES;
				CLANG_WARN_OBJC_ROOT_CLASS = YES_ERROR;
				CLANG_WARN_RANGE_LOOP_ANALYSIS = YES;
				CLANG_WARN_STRICT_PROTOTYPES = YES;
				CLANG_WARN_SUSPICIOUS_MOVE = YES;
				CLANG_WARN_UNGUARDED_AVAILABILITY = YES_AGGRESSIVE;
				CLANG_WARN_UNREACHABLE_CODE = YES;
				CLANG_WARN__DUPLICATE_METHOD_MATCH = YES;
				CODE_SIGN_IDENTITY = "iPhone Developer";
				COPY_PHASE_STRIP = NO;
				DEBUG_INFORMATION_FORMAT = dwarf;
				ENABLE_STRICT_OBJC_MSGSEND = YES;
				ENABLE_TESTABILITY = YES;
				GCC_C_LANGUAGE_STANDARD = gnu11;
				GCC_DYNAMIC_NO_PIC = NO;
				GCC_NO_COMMON_BLOCKS = YES;
				GCC_OPTIMIZATION_LEVEL = 0;
				GCC_PREPROCESSOR_DEFINITIONS = (
					"DEBUG=1",
					"$(inherited)",
				);
				GCC_WARN_64_TO_32_BIT_CONVERSION = YES;
				GCC_WARN_ABOUT_RETURN_TYPE = YES_ERROR;
				GCC_WARN_UNDECLARED_SELECTOR = YES;
				GCC_WARN_UNINITIALIZED_AUTOS = YES_AGGRESSIVE;
				GCC_WARN_UNUSED_FUNCTION = YES;
				GCC_WARN_UNUSED_VARIABLE = YES;
				IPHONEOS_DEPLOYMENT_TARGET = 11.0;
				MTL_ENABLE_DEBUG_INFO = YES;
				ONLY_ACTIVE_ARCH = YES;
				SDKROOT = iphoneos;
				SWIFT_ACTIVE_COMPILATION_CONDITIONS = DEBUG;
				SWIFT_OPTIMIZATION_LEVEL = "-Onone";
			};
			name = Debug;
		};
		55182A861FA7A80200DD8B37 /* Release */ = {
			isa = XCBuildConfiguration;
			buildSettings = {
				ALWAYS_SEARCH_USER_PATHS = NO;
				CLANG_ANALYZER_NONNULL = YES;
				CLANG_ANALYZER_NUMBER_OBJECT_CONVERSION = YES_AGGRESSIVE;
				CLANG_CXX_LANGUAGE_STANDARD = "gnu++14";
				CLANG_CXX_LIBRARY = "libc++";
				CLANG_ENABLE_MODULES = YES;
				CLANG_ENABLE_OBJC_ARC = YES;
				CLANG_WARN_BLOCK_CAPTURE_AUTORELEASING = YES;
				CLANG_WARN_BOOL_CONVERSION = YES;
				CLANG_WARN_COMMA = YES;
				CLANG_WARN_CONSTANT_CONVERSION = YES;
				CLANG_WARN_DIRECT_OBJC_ISA_USAGE = YES_ERROR;
				CLANG_WARN_DOCUMENTATION_COMMENTS = YES;
				CLANG_WARN_EMPTY_BODY = YES;
				CLANG_WARN_ENUM_CONVERSION = YES;
				CLANG_WARN_INFINITE_RECURSION = YES;
				CLANG_WARN_INT_CONVERSION = YES;
				CLANG_WARN_NON_LITERAL_NULL_CONVERSION = YES;
				CLANG_WARN_OBJC_LITERAL_CONVERSION = YES;
				CLANG_WARN_OBJC_ROOT_CLASS = YES_ERROR;
				CLANG_WARN_RANGE_LOOP_ANALYSIS = YES;
				CLANG_WARN_STRICT_PROTOTYPES = YES;
				CLANG_WARN_SUSPICIOUS_MOVE = YES;
				CLANG_WARN_UNGUARDED_AVAILABILITY = YES_AGGRESSIVE;
				CLANG_WARN_UNREACHABLE_CODE = YES;
				CLANG_WARN__DUPLICATE_METHOD_MATCH = YES;
				CODE_SIGN_IDENTITY = "iPhone Developer";
				COPY_PHASE_STRIP = NO;
				DEBUG_INFORMATION_FORMAT = "dwarf-with-dsym";
				ENABLE_NS_ASSERTIONS = NO;
				ENABLE_STRICT_OBJC_MSGSEND = YES;
				GCC_C_LANGUAGE_STANDARD = gnu11;
				GCC_NO_COMMON_BLOCKS = YES;
				GCC_WARN_64_TO_32_BIT_CONVERSION = YES;
				GCC_WARN_ABOUT_RETURN_TYPE = YES_ERROR;
				GCC_WARN_UNDECLARED_SELECTOR = YES;
				GCC_WARN_UNINITIALIZED_AUTOS = YES_AGGRESSIVE;
				GCC_WARN_UNUSED_FUNCTION = YES;
				GCC_WARN_UNUSED_VARIABLE = YES;
				IPHONEOS_DEPLOYMENT_TARGET = 11.0;
				MTL_ENABLE_DEBUG_INFO = NO;
				SDKROOT = iphoneos;
				SWIFT_OPTIMIZATION_LEVEL = "-Owholemodule";
				VALIDATE_PRODUCT = YES;
			};
			name = Release;
		};
		55182A881FA7A80200DD8B37 /* Debug */ = {
			isa = XCBuildConfiguration;
			buildSettings = {
				ASSETCATALOG_COMPILER_APPICON_NAME = AppIcon;
				CODE_SIGN_STYLE = Automatic;
				DEVELOPMENT_TEAM = 5N3YVF3X3Y;
				INFOPLIST_FILE = "Decoder Inc/Info.plist";
				LD_RUNPATH_SEARCH_PATHS = "$(inherited) @executable_path/Frameworks";
				PRODUCT_BUNDLE_IDENTIFIER = "WhoisAlecsey.Decoder-Inc";
				PRODUCT_NAME = "$(TARGET_NAME)";
				SWIFT_VERSION = 4.0;
				TARGETED_DEVICE_FAMILY = 1;
			};
			name = Debug;
		};
		55182A891FA7A80200DD8B37 /* Release */ = {
			isa = XCBuildConfiguration;
			buildSettings = {
				ASSETCATALOG_COMPILER_APPICON_NAME = AppIcon;
				CODE_SIGN_STYLE = Automatic;
				DEVELOPMENT_TEAM = 5N3YVF3X3Y;
				INFOPLIST_FILE = "Decoder Inc/Info.plist";
				LD_RUNPATH_SEARCH_PATHS = "$(inherited) @executable_path/Frameworks";
				PRODUCT_BUNDLE_IDENTIFIER = "WhoisAlecsey.Decoder-Inc";
				PRODUCT_NAME = "$(TARGET_NAME)";
				SWIFT_VERSION = 4.0;
				TARGETED_DEVICE_FAMILY = 1;
			};
			name = Release;
		};
/* End XCBuildConfiguration section */

/* Begin XCConfigurationList section */
		55182A701FA7A80100DD8B37 /* Build configuration list for PBXProject "Decoder Inc" */ = {
			isa = XCConfigurationList;
			buildConfigurations = (
				55182A851FA7A80200DD8B37 /* Debug */,
				55182A861FA7A80200DD8B37 /* Release */,
			);
			defaultConfigurationIsVisible = 0;
			defaultConfigurationName = Release;
		};
		55182A871FA7A80200DD8B37 /* Build configuration list for PBXNativeTarget "Decoder Inc" */ = {
			isa = XCConfigurationList;
			buildConfigurations = (
				55182A881FA7A80200DD8B37 /* Debug */,
				55182A891FA7A80200DD8B37 /* Release */,
			);
			defaultConfigurationIsVisible = 0;
			defaultConfigurationName = Release;
		};
/* End XCConfigurationList section */
	};
	rootObject = 55182A6D1FA7A80100DD8B37 /* Project object */;
}
